
Microsoft Visual Studio Solution File, Format Version 12.00
# Visual Studio Version 17
VisualStudioVersion = 17.1.32414.318
MinimumVisualStudioVersion = 10.0.40219.1
Project("{FAE04EC0-301F-11D3-BF4B-00C04F79EFBC}") = "ExamplePhoneBook", "ExamplePhoneBook\ExamplePhoneBook.csproj", "{BA2C7C69-3B93-4AD5-8A67-99B37D1E3693}"
EndProject
Global
	GlobalSection(SolutionConfigurationPlatforms) = preSolution
		Debug|Any CPU = Debug|Any CPU
		Release|Any CPU = Release|Any CPU
	EndGlobalSection
	GlobalSection(ProjectConfigurationPlatforms) = postSolution
		{BA2C7C69-3B93-4AD5-8A67-99B37D1E3693}.Debug|Any CPU.ActiveCfg = Debug|Any CPU
		{BA2C7C69-3B93-4AD5-8A67-99B37D1E3693}.Debug|Any CPU.Build.0 = Debug|Any CPU
		{BA2C7C69-3B93-4AD5-8A67-99B37D1E3693}.Release|Any CPU.ActiveCfg = Release|Any CPU
		{BA2C7C69-3B93-4AD5-8A67-99B37D1E3693}.Release|Any CPU.Build.0 = Release|Any CPU
	EndGlobalSection
	GlobalSection(SolutionProperties) = preSolution
		HideSolutionNode = FALSE
	EndGlobalSection
	GlobalSection(ExtensibilityGlobals) = postSolution
		SolutionGuid = {422CD141-7F4C-4A4C-AC08-C5BAE9DA0D3C}
	EndGlobalSection
EndGlobal
